{
  "name": "js",
  "lockfileVersion": 2,
  "requires": true,
  "packages": {
    "": {
      "dependencies": {
        "jquery-resizable-dom": "^0.35.0"
      }
    },
    "node_modules/jquery": {
      "version": "3.6.0",
      "resolved": "https://registry.npmjs.org/jquery/-/jquery-3.6.0.tgz",
      "integrity": "sha512-JVzAR/AjBvVt2BmYhxRCSYysDsPcssdmTFnzyLEts9qNwmjmu4JTAMYubEfwVOSwpQ1I1sKKFcxhZCI2buerfw=="
    },
    "node_modules/jquery-resizable-dom": {
      "version": "0.35.0",
      "resolved": "https://registry.npmjs.org/jquery-resizable-dom/-/jquery-resizable-dom-0.35.0.tgz",
      "integrity": "sha512-AbZsJ+aKJnoIYNT4dPy9om72L/j/z3hBCAHz9yO2Ifn60tAkEti3KJ4Exb98OV3P9R4Mst4E1YEFKzHrDPy/Nw==",
      "dependencies": {
        "jquery": "^3.4.0"
      }
    }
  },
  "dependencies": {
    "jquery": {
      "version": "3.6.0",
      "resolved": "https://registry.npmjs.org/jquery/-/jquery-3.6.0.tgz",
      "integrity": "sha512-JVzAR/AjBvVt2BmYhxRCSYysDsPcssdmTFnzyLEts9qNwmjmu4JTAMYubEfwVOSwpQ1I1sKKFcxhZCI2buerfw=="
    },
    "jquery-resizable-dom": {
      "version": "0.35.0",
      "resolved": "https://registry.npmjs.org/jquery-resizable-dom/-/jquery-resizable-dom-0.35.0.tgz",
      "integrity": "sha512-AbZsJ+aKJnoIYNT4dPy9om72L/j/z3hBCAHz9yO2Ifn60tAkEti3KJ4Exb98OV3P9R4Mst4E1YEFKzHrDPy/Nw==",
      "requires": {
        "jquery": "^3.4.0"
      }
    }
  }
}
